Microsoft Visual Studio Solution File, Format Version 12.00
# Visual Studio 15
VisualStudioVersion = 15.0.27130.2026
MinimumVisualStudioVersion = 15.0.26124.0
Project("{9A19103F-16F7-4668-BE54-9A1E7A4F7556}") = "Morabaraba_9001", "Morabaraba_9001.csproj", "{2E3D09BE-0E9E-41B6-97A1-A45711B0B324}"
EndProject
Project("{9A19103F-16F7-4668-BE54-9A1E7A4F7556}") = "Morabaraba_9001.Test", "..\Morabaraba-9001.Test\Morabaraba_9001.Test.csproj", "{6EBE0969-19CA-4CFB-84C2-4D442D85E9F7}"
EndProject
Global
	GlobalSection(SolutionConfigurationPlatforms) = preSolution
		Debug|Any CPU = Debug|Any CPU
		Debug|x64 = Debug|x64
		Debug|x86 = Debug|x86
		Release|Any CPU = Release|Any CPU
		Release|x64 = Release|x64
		Release|x86 = Release|x86
	EndGlobalSection
	GlobalSection(ProjectConfigurationPlatforms) = postSolution
		{2E3D09BE-0E9E-41B6-97A1-A45711B0B324}.Debug|Any CPU.ActiveCfg = Debug|Any CPU
		{2E3D09BE-0E9E-41B6-97A1-A45711B0B324}.Debug|Any CPU.Build.0 = Debug|Any CPU
		{2E3D09BE-0E9E-41B6-97A1-A45711B0B324}.Debug|x64.ActiveCfg = Debug|Any CPU
		{2E3D09BE-0E9E-41B6-97A1-A45711B0B324}.Debug|x64.Build.0 = Debug|Any CPU
		{2E3D09BE-0E9E-41B6-97A1-A45711B0B324}.Debug|x86.ActiveCfg = Debug|Any CPU
		{2E3D09BE-0E9E-41B6-97A1-A45711B0B324}.Debug|x86.Build.0 = Debug|Any CPU
		{2E3D09BE-0E9E-41B6-97A1-A45711B0B324}.Release|Any CPU.ActiveCfg = Release|Any CPU
		{2E3D09BE-0E9E-41B6-97A1-A45711B0B324}.Release|Any CPU.Build.0 = Release|Any CPU
		{2E3D09BE-0E9E-41B6-97A1-A45711B0B324}.Release|x64.ActiveCfg = Release|Any CPU
		{2E3D09BE-0E9E-41B6-97A1-A45711B0B324}.Release|x64.Build.0 = Release|Any CPU
		{2E3D09BE-0E9E-41B6-97A1-A45711B0B324}.Release|x86.ActiveCfg = Release|Any CPU
		{2E3D09BE-0E9E-41B6-97A1-A45711B0B324}.Release|x86.Build.0 = Release|Any CPU
		{6EBE0969-19CA-4CFB-84C2-4D442D85E9F7}.Debug|Any CPU.ActiveCfg = Debug|Any CPU
		{6EBE0969-19CA-4CFB-84C2-4D442D85E9F7}.Debug|Any CPU.Build.0 = Debug|Any CPU
		{6EBE0969-19CA-4CFB-84C2-4D442D85E9F7}.Debug|x64.ActiveCfg = Debug|Any CPU
		{6EBE0969-19CA-4CFB-84C2-4D442D85E9F7}.Debug|x64.Build.0 = Debug|Any CPU
		{6EBE0969-19CA-4CFB-84C2-4D442D85E9F7}.Debug|x86.ActiveCfg = Debug|Any CPU
		{6EBE0969-19CA-4CFB-84C2-4D442D85E9F7}.Debug|x86.Build.0 = Debug|Any CPU
		{6EBE0969-19CA-4CFB-84C2-4D442D85E9F7}.Release|Any CPU.ActiveCfg = Release|Any CPU
		{6EBE0969-19CA-4CFB-84C2-4D442D85E9F7}.Release|Any CPU.Build.0 = Release|Any CPU
		{6EBE0969-19CA-4CFB-84C2-4D442D85E9F7}.Release|x64.ActiveCfg = Release|Any CPU
		{6EBE0969-19CA-4CFB-84C2-4D442D85E9F7}.Release|x64.Build.0 = Release|Any CPU
		{6EBE0969-19CA-4CFB-84C2-4D442D85E9F7}.Release|x86.ActiveCfg = Release|Any CPU
		{6EBE0969-19CA-4CFB-84C2-4D442D85E9F7}.Release|x86.Build.0 = Release|Any CPU
	EndGlobalSection
	GlobalSection(SolutionProperties) = preSolution
		HideSolutionNode = FALSE
	EndGlobalSection
	GlobalSection(ExtensibilityGlobals) = postSolution
		SolutionGuid = {1AFC124B-0085-45BB-BD33-63BE478AF0C0}
	EndGlobalSection
EndGlobal
